
Microsoft Visual Studio Solution File, Format Version 12.00
# Visual Studio Version 16
VisualStudioVersion = 16.0.31911.196
MinimumVisualStudioVersion = 10.0.40219.1
Project("{FAE04EC0-301F-11D3-BF4B-00C04F79EFBC}") = "Notes.Android", "Notes\Notes.Android\Notes.Android.csproj", "{0C90E450-75D3-4A16-ADD3-1BF2C0E8EE3F}"
EndProject
Project("{FAE04EC0-301F-11D3-BF4B-00C04F79EFBC}") = "Notes.iOS", "Notes\Notes.iOS\Notes.iOS.csproj", "{495B87F8-395F-4311-8311-A89075E9009F}"
EndProject
Project("{FAE04EC0-301F-11D3-BF4B-00C04F79EFBC}") = "Notes", "Notes\Notes\Notes.csproj", "{7AF70567-0803-4D87-8B9C-B59D35DAD7B6}"
EndProject
Global
	GlobalSection(SolutionConfigurationPlatforms) = preSolution
		Debug|Any CPU = Debug|Any CPU
		Debug|iPhone = Debug|iPhone
		Debug|iPhoneSimulator = Debug|iPhoneSimulator
		Release|Any CPU = Release|Any CPU
		Release|iPhone = Release|iPhone
		Release|iPhoneSimulator = Release|iPhoneSimulator
	EndGlobalSection
	GlobalSection(ProjectConfigurationPlatforms) = postSolution
		{0C90E450-75D3-4A16-ADD3-1BF2C0E8EE3F}.Debug|Any CPU.ActiveCfg = Debug|Any CPU
		{0C90E450-75D3-4A16-ADD3-1BF2C0E8EE3F}.Debug|Any CPU.Build.0 = Debug|Any CPU
		{0C90E450-75D3-4A16-ADD3-1BF2C0E8EE3F}.Debug|Any CPU.Deploy.0 = Debug|Any CPU
		{0C90E450-75D3-4A16-ADD3-1BF2C0E8EE3F}.Debug|iPhone.ActiveCfg = Debug|Any CPU
		{0C90E450-75D3-4A16-ADD3-1BF2C0E8EE3F}.Debug|iPhone.Build.0 = Debug|Any CPU
		{0C90E450-75D3-4A16-ADD3-1BF2C0E8EE3F}.Debug|iPhone.Deploy.0 = Debug|Any CPU
		{0C90E450-75D3-4A16-ADD3-1BF2C0E8EE3F}.Debug|iPhoneSimulator.ActiveCfg = Debug|Any CPU
		{0C90E450-75D3-4A16-ADD3-1BF2C0E8EE3F}.Debug|iPhoneSimulator.Build.0 = Debug|Any CPU
		{0C90E450-75D3-4A16-ADD3-1BF2C0E8EE3F}.Debug|iPhoneSimulator.Deploy.0 = Debug|Any CPU
		{0C90E450-75D3-4A16-ADD3-1BF2C0E8EE3F}.Release|Any CPU.ActiveCfg = Release|Any CPU
		{0C90E450-75D3-4A16-ADD3-1BF2C0E8EE3F}.Release|Any CPU.Build.0 = Release|Any CPU
		{0C90E450-75D3-4A16-ADD3-1BF2C0E8EE3F}.Release|Any CPU.Deploy.0 = Release|Any CPU
		{0C90E450-75D3-4A16-ADD3-1BF2C0E8EE3F}.Release|iPhone.ActiveCfg = Release|Any CPU
		{0C90E450-75D3-4A16-ADD3-1BF2C0E8EE3F}.Release|iPhone.Build.0 = Release|Any CPU
		{0C90E450-75D3-4A16-ADD3-1BF2C0E8EE3F}.Release|iPhone.Deploy.0 = Release|Any CPU
		{0C90E450-75D3-4A16-ADD3-1BF2C0E8EE3F}.Release|iPhoneSimulator.ActiveCfg = Release|Any CPU
		{0C90E450-75D3-4A16-ADD3-1BF2C0E8EE3F}.Release|iPhoneSimulator.Build.0 = Release|Any CPU
		{0C90E450-75D3-4A16-ADD3-1BF2C0E8EE3F}.Release|iPhoneSimulator.Deploy.0 = Release|Any CPU
		{495B87F8-395F-4311-8311-A89075E9009F}.Debug|Any CPU.ActiveCfg = Debug|iPhone
		{495B87F8-395F-4311-8311-A89075E9009F}.Debug|Any CPU.Build.0 = Debug|iPhone
		{495B87F8-395F-4311-8311-A89075E9009F}.Debug|Any CPU.Deploy.0 = Debug|iPhone
		{495B87F8-395F-4311-8311-A89075E9009F}.Debug|iPhone.ActiveCfg = Debug|iPhone
		{495B87F8-395F-4311-8311-A89075E9009F}.Debug|iPhone.Build.0 = Debug|iPhone
		{495B87F8-395F-4311-8311-A89075E9009F}.Debug|iPhone.Deploy.0 = Debug|iPhone
		{495B87F8-395F-4311-8311-A89075E9009F}.Debug|iPhoneSimulator.ActiveCfg = Debug|iPhoneSimulator
		{495B87F8-395F-4311-8311-A89075E9009F}.Debug|iPhoneSimulator.Build.0 = Debug|iPhoneSimulator
		{495B87F8-395F-4311-8311-A89075E9009F}.Debug|iPhoneSimulator.Deploy.0 = Debug|iPhoneSimulator
		{495B87F8-395F-4311-8311-A89075E9009F}.Release|Any CPU.ActiveCfg = Release|iPhoneSimulator
		{495B87F8-395F-4311-8311-A89075E9009F}.Release|Any CPU.Build.0 = Release|iPhoneSimulator
		{495B87F8-395F-4311-8311-A89075E9009F}.Release|Any CPU.Deploy.0 = Release|iPhoneSimulator
		{495B87F8-395F-4311-8311-A89075E9009F}.Release|iPhone.ActiveCfg = Release|iPhone
		{495B87F8-395F-4311-8311-A89075E9009F}.Release|iPhone.Build.0 = Release|iPhone
		{495B87F8-395F-4311-8311-A89075E9009F}.Release|iPhone.Deploy.0 = Release|iPhone
		{495B87F8-395F-4311-8311-A89075E9009F}.Release|iPhoneSimulator.ActiveCfg = Release|iPhoneSimulator
		{495B87F8-395F-4311-8311-A89075E9009F}.Release|iPhoneSimulator.Build.0 = Release|iPhoneSimulator
		{495B87F8-395F-4311-8311-A89075E9009F}.Release|iPhoneSimulator.Deploy.0 = Release|iPhoneSimulator
		{7AF70567-0803-4D87-8B9C-B59D35DAD7B6}.Debug|Any CPU.ActiveCfg = Debug|Any CPU
		{7AF70567-0803-4D87-8B9C-B59D35DAD7B6}.Debug|Any CPU.Build.0 = Debug|Any CPU
		{7AF70567-0803-4D87-8B9C-B59D35DAD7B6}.Debug|Any CPU.Deploy.0 = Debug|Any CPU
		{7AF70567-0803-4D87-8B9C-B59D35DAD7B6}.Debug|iPhone.ActiveCfg = Debug|Any CPU
		{7AF70567-0803-4D87-8B9C-B59D35DAD7B6}.Debug|iPhone.Build.0 = Debug|Any CPU
		{7AF70567-0803-4D87-8B9C-B59D35DAD7B6}.Debug|iPhone.Deploy.0 = Debug|Any CPU
		{7AF70567-0803-4D87-8B9C-B59D35DAD7B6}.Debug|iPhoneSimulator.ActiveCfg = Debug|Any CPU
		{7AF70567-0803-4D87-8B9C-B59D35DAD7B6}.Debug|iPhoneSimulator.Build.0 = Debug|Any CPU
		{7AF70567-0803-4D87-8B9C-B59D35DAD7B6}.Debug|iPhoneSimulator.Deploy.0 = Debug|Any CPU
		{7AF70567-0803-4D87-8B9C-B59D35DAD7B6}.Release|Any CPU.ActiveCfg = Release|Any CPU
		{7AF70567-0803-4D87-8B9C-B59D35DAD7B6}.Release|Any CPU.Build.0 = Release|Any CPU
		{7AF70567-0803-4D87-8B9C-B59D35DAD7B6}.Release|Any CPU.Deploy.0 = Release|Any CPU
		{7AF70567-0803-4D87-8B9C-B59D35DAD7B6}.Release|iPhone.ActiveCfg = Release|Any CPU
		{7AF70567-0803-4D87-8B9C-B59D35DAD7B6}.Release|iPhone.Build.0 = Release|Any CPU
		{7AF70567-0803-4D87-8B9C-B59D35DAD7B6}.Release|iPhone.Deploy.0 = Release|Any CPU
		{7AF70567-0803-4D87-8B9C-B59D35DAD7B6}.Release|iPhoneSimulator.ActiveCfg = Release|Any CPU
		{7AF70567-0803-4D87-8B9C-B59D35DAD7B6}.Release|iPhoneSimulator.Build.0 = Release|Any CPU
		{7AF70567-0803-4D87-8B9C-B59D35DAD7B6}.Release|iPhoneSimulator.Deploy.0 = Release|Any CPU
	EndGlobalSection
	GlobalSection(SolutionProperties) = preSolution
		HideSolutionNode = FALSE
	EndGlobalSection
	GlobalSection(ExtensibilityGlobals) = postSolution
		SolutionGuid = {2B977868-E443-4DAE-8AEC-B4A8C632177B}
	EndGlobalSection
EndGlobal
